// !$*UTF8*$!
{
	archiveVersion = 1;
	classes = {
	};
	objectVersion = 50;
	objects = {

/* Begin PBXBuildFile section */
		60107A1E26B56F0700F51271 /* Chip8View.swift in Sources */ = {isa = PBXBuildFile; fileRef = 60107A1D26B56F0700F51271 /* Chip8View.swift */; };
		6037D8C126B5767F0017D978 /* Audio.swift in Sources */ = {isa = PBXBuildFile; fileRef = 6037D8C026B5767F0017D978 /* Audio.swift */; };
		6037D8C326B5A3B20017D978 /* Chip8.swift in Sources */ = {isa = PBXBuildFile; fileRef = 6037D8C226B5A3B20017D978 /* Chip8.swift */; };
		60C9590526AC4677009D2989 /* AppDelegate.swift in Sources */ = {isa = PBXBuildFile; fileRef = 60C9590426AC4677009D2989 /* AppDelegate.swift */; };
		60C9590726AC4677009D2989 /* ViewController.swift in Sources */ = {isa = PBXBuildFile; fileRef = 60C9590626AC4677009D2989 /* ViewController.swift */; };
		60C9590926AC4678009D2989 /* Assets.xcassets in Resources */ = {isa = PBXBuildFile; fileRef = 60C9590826AC4678009D2989 /* Assets.xcassets */; };
		60C9590C26AC4678009D2989 /* Main.storyboard in Resources */ = {isa = PBXBuildFile; fileRef = 60C9590A26AC4678009D2989 /* Main.storyboard */; };
		60C9591826AC4678009D2989 /* CHIP_8Tests.swift in Sources */ = {isa = PBXBuildFile; fileRef = 60C9591726AC4678009D2989 /* CHIP_8Tests.swift */; };
		60C9592326AC4678009D2989 /* CHIP_8UITests.swift in Sources */ = {isa = PBXBuildFile; fileRef = 60C9592226AC4678009D2989 /* CHIP_8UITests.swift */; };
		60C9593226AC4A29009D2989 /* Memory.swift in Sources */ = {isa = PBXBuildFile; fileRef = 60C9593126AC4A29009D2989 /* Memory.swift */; };
		60C9593426AC4D11009D2989 /* CPU.swift in Sources */ = {isa = PBXBuildFile; fileRef = 60C9593326AC4D11009D2989 /* CPU.swift */; };
		60C9593626AC4E80009D2989 /* Opcode.swift in Sources */ = {isa = PBXBuildFile; fileRef = 60C9593526AC4E80009D2989 /* Opcode.swift */; };
		60C9593926AC5365009D2989 /* ByteConvertible.swift in Sources */ = {isa = PBXBuildFile; fileRef = 60C9593826AC5365009D2989 /* ByteConvertible.swift */; };
		60C9593C26AC5622009D2989 /* Array+UIntSubscript.swift in Sources */ = {isa = PBXBuildFile; fileRef = 60C9593B26AC5622009D2989 /* Array+UIntSubscript.swift */; };
		60C9593E26AD820D009D2989 /* Keypad.swift in Sources */ = {isa = PBXBuildFile; fileRef = 60C9593D26AD820D009D2989 /* Keypad.swift */; };
		60C9594026AD92F1009D2989 /* Video.swift in Sources */ = {isa = PBXBuildFile; fileRef = 60C9593F26AD92F1009D2989 /* Video.swift */; };
		60C9594226AD9DBB009D2989 /* BinaryInteger+BitMapping.swift in Sources */ = {isa = PBXBuildFile; fileRef = 60C9594126AD9DBB009D2989 /* BinaryInteger+BitMapping.swift */; };
		60C9595B26ADB218009D2989 /* BLITZ in Resources */ = {isa = PBXBuildFile; fileRef = 60C9594426ADB217009D2989 /* BLITZ */; };
		60C9595C26ADB218009D2989 /* TANK in Resources */ = {isa = PBXBuildFile; fileRef = 60C9594526ADB217009D2989 /* TANK */; };
		60C9595D26ADB218009D2989 /* PONG in Resources */ = {isa = PBXBuildFile; fileRef = 60C9594626ADB217009D2989 /* PONG */; };
		60C9595E26ADB218009D2989 /* PUZZLE in Resources */ = {isa = PBXBuildFile; fileRef = 60C9594726ADB217009D2989 /* PUZZLE */; };
		60C9595F26ADB218009D2989 /* TICTAC in Resources */ = {isa = PBXBuildFile; fileRef = 60C9594826ADB217009D2989 /* TICTAC */; };
		60C9596026ADB218009D2989 /* TETRIS in Resources */ = {isa = PBXBuildFile; fileRef = 60C9594926ADB218009D2989 /* TETRIS */; };
		60C9596126ADB218009D2989 /* MISSILE in Resources */ = {isa = PBXBuildFile; fileRef = 60C9594A26ADB218009D2989 /* MISSILE */; };
		60C9596226ADB218009D2989 /* BRIX in Resources */ = {isa = PBXBuildFile; fileRef = 60C9594B26ADB218009D2989 /* BRIX */; };
		60C9596326ADB218009D2989 /* MAZE in Resources */ = {isa = PBXBuildFile; fileRef = 60C9594C26ADB218009D2989 /* MAZE */; };
		60C9596426ADB218009D2989 /* VERS in Resources */ = {isa = PBXBuildFile; fileRef = 60C9594D26ADB218009D2989 /* VERS */; };
		60C9596526ADB218009D2989 /* KALEID in Resources */ = {isa = PBXBuildFile; fileRef = 60C9594E26ADB218009D2989 /* KALEID */; };
		60C9596626ADB218009D2989 /* HIDDEN in Resources */ = {isa = PBXBuildFile; fileRef = 60C9594F26ADB218009D2989 /* HIDDEN */; };
		60C9596726ADB218009D2989 /* PONG2 in Resources */ = {isa = PBXBuildFile; fileRef = 60C9595026ADB218009D2989 /* PONG2 */; };
		60C9596826ADB218009D2989 /* WIPEOFF in Resources */ = {isa = PBXBuildFile; fileRef = 60C9595126ADB218009D2989 /* WIPEOFF */; };
		60C9596926ADB218009D2989 /* 15PUZZLE in Resources */ = {isa = PBXBuildFile; fileRef = 60C9595226ADB218009D2989 /* 15PUZZLE */; };
		60C9596A26ADB218009D2989 /* INVADERS in Resources */ = {isa = PBXBuildFile; fileRef = 60C9595326ADB218009D2989 /* INVADERS */; };
		60C9596B26ADB218009D2989 /* CONNECT4 in Resources */ = {isa = PBXBuildFile; fileRef = 60C9595426ADB218009D2989 /* CONNECT4 */; };
		60C9596C26ADB218009D2989 /* MERLIN in Resources */ = {isa = PBXBuildFile; fileRef = 60C9595526ADB218009D2989 /* MERLIN */; };
		60C9596D26ADB218009D2989 /* BLINKY in Resources */ = {isa = PBXBuildFile; fileRef = 60C9595626ADB218009D2989 /* BLINKY */; };
		60C9596E26ADB218009D2989 /* SYZYGY in Resources */ = {isa = PBXBuildFile; fileRef = 60C9595726ADB218009D2989 /* SYZYGY */; };
		60C9596F26ADB218009D2989 /* GUESS in Resources */ = {isa = PBXBuildFile; fileRef = 60C9595826ADB218009D2989 /* GUESS */; };
		60C9597026ADB218009D2989 /* UFO in Resources */ = {isa = PBXBuildFile; fileRef = 60C9595926ADB218009D2989 /* UFO */; };
		60C9597126ADB218009D2989 /* VBRIX in Resources */ = {isa = PBXBuildFile; fileRef = 60C9595A26ADB218009D2989 /* VBRIX */; };
		60C9597326ADB236009D2989 /* ROM.swift in Sources */ = {isa = PBXBuildFile; fileRef = 60C9597226ADB236009D2989 /* ROM.swift */; };
		60C9597526ADB763009D2989 /* Number+HexString.swift in Sources */ = {isa = PBXBuildFile; fileRef = 60C9597426ADB763009D2989 /* Number+HexString.swift */; };
/* End PBXBuildFile section */

/* Begin PBXContainerItemProxy section */
		60C9591426AC4678009D2989 /* PBXContainerItemProxy */ = {
			isa = PBXContainerItemProxy;
			containerPortal = 60C958F926AC4677009D2989 /* Project object */;
			proxyType = 1;
			remoteGlobalIDString = 60C9590026AC4677009D2989;
			remoteInfo = "CHIP-8";
		};
		60C9591F26AC4678009D2989 /* PBXContainerItemProxy */ = {
			isa = PBXContainerItemProxy;
			containerPortal = 60C958F926AC4677009D2989 /* Project object */;
			proxyType = 1;
			remoteGlobalIDString = 60C9590026AC4677009D2989;
			remoteInfo = "CHIP-8";
		};
/* End PBXContainerItemProxy section */

/* Begin PBXFileReference section */
		60107A1D26B56F0700F51271 /* Chip8View.swift */ = {isa = PBXFileReference; lastKnownFileType = sourcecode.swift; path = Chip8View.swift; sourceTree = "<group>"; };
		6037D8C026B5767F0017D978 /* Audio.swift */ = {isa = PBXFileReference; lastKnownFileType = sourcecode.swift; path = Audio.swift; sourceTree = "<group>"; };
		6037D8C226B5A3B20017D978 /* Chip8.swift */ = {isa = PBXFileReference; lastKnownFileType = sourcecode.swift; path = Chip8.swift; sourceTree = "<group>"; };
		60C9590126AC4677009D2989 /* CHIP-8.app */ = {isa = PBXFileReference; explicitFileType = wrapper.application; includeInIndex = 0; path = "CHIP-8.app"; sourceTree = BUILT_PRODUCTS_DIR; };
		60C9590426AC4677009D2989 /* AppDelegate.swift */ = {isa = PBXFileReference; lastKnownFileType = sourcecode.swift; path = AppDelegate.swift; sourceTree = "<group>"; };
		60C9590626AC4677009D2989 /* ViewController.swift */ = {isa = PBXFileReference; lastKnownFileType = sourcecode.swift; path = ViewController.swift; sourceTree = "<group>"; };
		60C9590826AC4678009D2989 /* Assets.xcassets */ = {isa = PBXFileReference; lastKnownFileType = folder.assetcatalog; path = Assets.xcassets; sourceTree = "<group>"; };
		60C9590B26AC4678009D2989 /* Base */ = {isa = PBXFileReference; lastKnownFileType = file.storyboard; name = Base; path = Base.lproj/Main.storyboard; sourceTree = "<group>"; };
		60C9590D26AC4678009D2989 /* Info.plist */ = {isa = PBXFileReference; lastKnownFileType = text.plist.xml; path = Info.plist; sourceTree = "<group>"; };
		60C9590E26AC4678009D2989 /* CHIP_8.entitlements */ = {isa = PBXFileReference; lastKnownFileType = text.plist.entitlements; path = CHIP_8.entitlements; sourceTree = "<group>"; };
		60C9591326AC4678009D2989 /* CHIP-8Tests.xctest */ = {isa = PBXFileReference; explicitFileType = wrapper.cfbundle; includeInIndex = 0; path = "CHIP-8Tests.xctest"; sourceTree = BUILT_PRODUCTS_DIR; };
		60C9591726AC4678009D2989 /* CHIP_8Tests.swift */ = {isa = PBXFileReference; lastKnownFileType = sourcecode.swift; path = CHIP_8Tests.swift; sourceTree = "<group>"; };
		60C9591926AC4678009D2989 /* Info.plist */ = {isa = PBXFileReference; lastKnownFileType = text.plist.xml; path = Info.plist; sourceTree = "<group>"; };
		60C9591E26AC4678009D2989 /* CHIP-8UITests.xctest */ = {isa = PBXFileReference; explicitFileType = wrapper.cfbundle; includeInIndex = 0; path = "CHIP-8UITests.xctest"; sourceTree = BUILT_PRODUCTS_DIR; };
		60C9592226AC4678009D2989 /* CHIP_8UITests.swift */ = {isa = PBXFileReference; lastKnownFileType = sourcecode.swift; path = CHIP_8UITests.swift; sourceTree = "<group>"; };
		60C9592426AC4678009D2989 /* Info.plist */ = {isa = PBXFileReference; lastKnownFileType = text.plist.xml; path = Info.plist; sourceTree = "<group>"; };
		60C9593126AC4A29009D2989 /* Memory.swift */ = {isa = PBXFileReference; lastKnownFileType = sourcecode.swift; path = Memory.swift; sourceTree = "<group>"; };
		60C9593326AC4D11009D2989 /* CPU.swift */ = {isa = PBXFileReference; lastKnownFileType = sourcecode.swift; path = CPU.swift; sourceTree = "<group>"; };
		60C9593526AC4E80009D2989 /* Opcode.swift */ = {isa = PBXFileReference; lastKnownFileType = sourcecode.swift; path = Opcode.swift; sourceTree = "<group>"; };
		60C9593826AC5365009D2989 /* ByteConvertible.swift */ = {isa = PBXFileReference; lastKnownFileType = sourcecode.swift; path = ByteConvertible.swift; sourceTree = "<group>"; };
		60C9593B26AC5622009D2989 /* Array+UIntSubscript.swift */ = {isa = PBXFileReference; lastKnownFileType = sourcecode.swift; path = "Array+UIntSubscript.swift"; sourceTree = "<group>"; };
		60C9593D26AD820D009D2989 /* Keypad.swift */ = {isa = PBXFileReference; lastKnownFileType = sourcecode.swift; path = Keypad.swift; sourceTree = "<group>"; };
		60C9593F26AD92F1009D2989 /* Video.swift */ = {isa = PBXFileReference; lastKnownFileType = sourcecode.swift; path = Video.swift; sourceTree = "<group>"; };
		60C9594126AD9DBB009D2989 /* BinaryInteger+BitMapping.swift */ = {isa = PBXFileReference; lastKnownFileType = sourcecode.swift; path = "BinaryInteger+BitMapping.swift"; sourceTree = "<group>"; };
		60C9594426ADB217009D2989 /* BLITZ */ = {isa = PBXFileReference; lastKnownFileType = file; path = BLITZ; sourceTree = "<group>"; };
		60C9594526ADB217009D2989 /* TANK */ = {isa = PBXFileReference; lastKnownFileType = file; path = TANK; sourceTree = "<group>"; };
		60C9594626ADB217009D2989 /* PONG */ = {isa = PBXFileReference; lastKnownFileType = file; path = PONG; sourceTree = "<group>"; };
		60C9594726ADB217009D2989 /* PUZZLE */ = {isa = PBXFileReference; lastKnownFileType = file; path = PUZZLE; sourceTree = "<group>"; };
		60C9594826ADB217009D2989 /* TICTAC */ = {isa = PBXFileReference; lastKnownFileType = file; path = TICTAC; sourceTree = "<group>"; };
		60C9594926ADB218009D2989 /* TETRIS */ = {isa = PBXFileReference; lastKnownFileType = file; path = TETRIS; sourceTree = "<group>"; };
		60C9594A26ADB218009D2989 /* MISSILE */ = {isa = PBXFileReference; lastKnownFileType = file; path = MISSILE; sourceTree = "<group>"; };
		60C9594B26ADB218009D2989 /* BRIX */ = {isa = PBXFileReference; lastKnownFileType = file; path = BRIX; sourceTree = "<group>"; };
		60C9594C26ADB218009D2989 /* MAZE */ = {isa = PBXFileReference; lastKnownFileType = file; path = MAZE; sourceTree = "<group>"; };
		60C9594D26ADB218009D2989 /* VERS */ = {isa = PBXFileReference; lastKnownFileType = file; path = VERS; sourceTree = "<group>"; };
		60C9594E26ADB218009D2989 /* KALEID */ = {isa = PBXFileReference; lastKnownFileType = file; path = KALEID; sourceTree = "<group>"; };
		60C9594F26ADB218009D2989 /* HIDDEN */ = {isa = PBXFileReference; lastKnownFileType = file; path = HIDDEN; sourceTree = "<group>"; };
		60C9595026ADB218009D2989 /* PONG2 */ = {isa = PBXFileReference; lastKnownFileType = file; path = PONG2; sourceTree = "<group>"; };
		60C9595126ADB218009D2989 /* WIPEOFF */ = {isa = PBXFileReference; lastKnownFileType = file; path = WIPEOFF; sourceTree = "<group>"; };
		60C9595226ADB218009D2989 /* 15PUZZLE */ = {isa = PBXFileReference; lastKnownFileType = file; path = 15PUZZLE; sourceTree = "<group>"; };
		60C9595326ADB218009D2989 /* INVADERS */ = {isa = PBXFileReference; lastKnownFileType = file; path = INVADERS; sourceTree = "<group>"; };
		60C9595426ADB218009D2989 /* CONNECT4 */ = {isa = PBXFileReference; lastKnownFileType = file; path = CONNECT4; sourceTree = "<group>"; };
		60C9595526ADB218009D2989 /* MERLIN */ = {isa = PBXFileReference; lastKnownFileType = file; path = MERLIN; sourceTree = "<group>"; };
		60C9595626ADB218009D2989 /* BLINKY */ = {isa = PBXFileReference; lastKnownFileType = file; path = BLINKY; sourceTree = "<group>"; };
		60C9595726ADB218009D2989 /* SYZYGY */ = {isa = PBXFileReference; lastKnownFileType = file; path = SYZYGY; sourceTree = "<group>"; };
		60C9595826ADB218009D2989 /* GUESS */ = {isa = PBXFileReference; lastKnownFileType = file; path = GUESS; sourceTree = "<group>"; };
		60C9595926ADB218009D2989 /* UFO */ = {isa = PBXFileReference; lastKnownFileType = file; path = UFO; sourceTree = "<group>"; };
		60C9595A26ADB218009D2989 /* VBRIX */ = {isa = PBXFileReference; lastKnownFileType = file; path = VBRIX; sourceTree = "<group>"; };
		60C9597226ADB236009D2989 /* ROM.swift */ = {isa = PBXFileReference; lastKnownFileType = sourcecode.swift; path = ROM.swift; sourceTree = "<group>"; };
		60C9597426ADB763009D2989 /* Number+HexString.swift */ = {isa = PBXFileReference; lastKnownFileType = sourcecode.swift; path = "Number+HexString.swift"; sourceTree = "<group>"; };
/* End PBXFileReference section */

/* Begin PBXFrameworksBuildPhase section */
		60C958FE26AC4677009D2989 /* Frameworks */ = {
			isa = PBXFrameworksBuildPhase;
			buildActionMask = 2147483647;
			files = (
			);
			runOnlyForDeploymentPostprocessing = 0;
		};
		60C9591026AC4678009D2989 /* Frameworks */ = {
			isa = PBXFrameworksBuildPhase;
			buildActionMask = 2147483647;
			files = (
			);
			runOnlyForDeploymentPostprocessing = 0;
		};
		60C9591B26AC4678009D2989 /* Frameworks */ = {
			isa = PBXFrameworksBuildPhase;
			buildActionMask = 2147483647;
			files = (
			);
			runOnlyForDeploymentPostprocessing = 0;
		};
/* End PBXFrameworksBuildPhase section */

/* Begin PBXGroup section */
		60C958F826AC4677009D2989 = {
			isa = PBXGroup;
			children = (
				60C9590326AC4677009D2989 /* CHIP-8 */,
				60C9591626AC4678009D2989 /* CHIP-8Tests */,
				60C9592126AC4678009D2989 /* CHIP-8UITests */,
				60C9590226AC4677009D2989 /* Products */,
			);
			sourceTree = "<group>";
		};
		60C9590226AC4677009D2989 /* Products */ = {
			isa = PBXGroup;
			children = (
				60C9590126AC4677009D2989 /* CHIP-8.app */,
				60C9591326AC4678009D2989 /* CHIP-8Tests.xctest */,
				60C9591E26AC4678009D2989 /* CHIP-8UITests.xctest */,
			);
			name = Products;
			sourceTree = "<group>";
		};
		60C9590326AC4677009D2989 /* CHIP-8 */ = {
			isa = PBXGroup;
			children = (
				60C9594326ADB209009D2989 /* ROMs */,
				60C9593026AC49F4009D2989 /* Emulator */,
				60C9593A26AC55F9009D2989 /* Extensions */,
				60C9593726AC52C8009D2989 /* Utilities */,
				60C9590426AC4677009D2989 /* AppDelegate.swift */,
				60C9590626AC4677009D2989 /* ViewController.swift */,
				60107A1D26B56F0700F51271 /* Chip8View.swift */,
				60C9590826AC4678009D2989 /* Assets.xcassets */,
				60C9590A26AC4678009D2989 /* Main.storyboard */,
				60C9590D26AC4678009D2989 /* Info.plist */,
				60C9590E26AC4678009D2989 /* CHIP_8.entitlements */,
			);
			path = "CHIP-8";
			sourceTree = "<group>";
		};
		60C9591626AC4678009D2989 /* CHIP-8Tests */ = {
			isa = PBXGroup;
			children = (
				60C9591726AC4678009D2989 /* CHIP_8Tests.swift */,
				60C9591926AC4678009D2989 /* Info.plist */,
			);
			path = "CHIP-8Tests";
			sourceTree = "<group>";
		};
		60C9592126AC4678009D2989 /* CHIP-8UITests */ = {
			isa = PBXGroup;
			children = (
				60C9592226AC4678009D2989 /* CHIP_8UITests.swift */,
				60C9592426AC4678009D2989 /* Info.plist */,
			);
			path = "CHIP-8UITests";
			sourceTree = "<group>";
		};
		60C9593026AC49F4009D2989 /* Emulator */ = {
			isa = PBXGroup;
			children = (
				6037D8C026B5767F0017D978 /* Audio.swift */,
				6037D8C226B5A3B20017D978 /* Chip8.swift */,
				60C9593326AC4D11009D2989 /* CPU.swift */,
				60C9593D26AD820D009D2989 /* Keypad.swift */,
				60C9593126AC4A29009D2989 /* Memory.swift */,
				60C9593526AC4E80009D2989 /* Opcode.swift */,
				60C9597226ADB236009D2989 /* ROM.swift */,
				60C9593F26AD92F1009D2989 /* Video.swift */,
			);
			path = Emulator;
			sourceTree = "<group>";
		};
		60C9593726AC52C8009D2989 /* Utilities */ = {
			isa = PBXGroup;
			children = (
				60C9593826AC5365009D2989 /* ByteConvertible.swift */,
			);
			path = Utilities;
			sourceTree = "<group>";
		};
		60C9593A26AC55F9009D2989 /* Extensions */ = {
			isa = PBXGroup;
			children = (
				60C9593B26AC5622009D2989 /* Array+UIntSubscript.swift */,
				60C9594126AD9DBB009D2989 /* BinaryInteger+BitMapping.swift */,
				60C9597426ADB763009D2989 /* Number+HexString.swift */,
			);
			path = Extensions;
			sourceTree = "<group>";
		};
		60C9594326ADB209009D2989 /* ROMs */ = {
			isa = PBXGroup;
			children = (
				60C9595226ADB218009D2989 /* 15PUZZLE */,
				60C9595626ADB218009D2989 /* BLINKY */,
				60C9594426ADB217009D2989 /* BLITZ */,
				60C9594B26ADB218009D2989 /* BRIX */,
				60C9595426ADB218009D2989 /* CONNECT4 */,
				60C9595826ADB218009D2989 /* GUESS */,
				60C9594F26ADB218009D2989 /* HIDDEN */,
				60C9595326ADB218009D2989 /* INVADERS */,
				60C9594E26ADB218009D2989 /* KALEID */,
				60C9594C26ADB218009D2989 /* MAZE */,
				60C9595526ADB218009D2989 /* MERLIN */,
				60C9594A26ADB218009D2989 /* MISSILE */,
				60C9594626ADB217009D2989 /* PONG */,
				60C9595026ADB218009D2989 /* PONG2 */,
				60C9594726ADB217009D2989 /* PUZZLE */,
				60C9595726ADB218009D2989 /* SYZYGY */,
				60C9594526ADB217009D2989 /* TANK */,
				60C9594926ADB218009D2989 /* TETRIS */,
				60C9594826ADB217009D2989 /* TICTAC */,
				60C9595926ADB218009D2989 /* UFO */,
				60C9595A26ADB218009D2989 /* VBRIX */,
				60C9594D26ADB218009D2989 /* VERS */,
				60C9595126ADB218009D2989 /* WIPEOFF */,
			);
			path = ROMs;
			sourceTree = "<group>";
		};
/* End PBXGroup section */

/* Begin PBXNativeTarget section */
		60C9590026AC4677009D2989 /* CHIP-8 */ = {
			isa = PBXNativeTarget;
			buildConfigurationList = 60C9592726AC4678009D2989 /* Build configuration list for PBXNativeTarget "CHIP-8" */;
			buildPhases = (
				60C958FD26AC4677009D2989 /* Sources */,
				60C958FE26AC4677009D2989 /* Frameworks */,
				60C958FF26AC4677009D2989 /* Resources */,
			);
			buildRules = (
			);
			dependencies = (
			);
			name = "CHIP-8";
			productName = "CHIP-8";
			productReference = 60C9590126AC4677009D2989 /* CHIP-8.app */;
			productType = "com.apple.product-type.application";
		};
		60C9591226AC4678009D2989 /* CHIP-8Tests */ = {
			isa = PBXNativeTarget;
			buildConfigurationList = 60C9592A26AC4678009D2989 /* Build configuration list for PBXNativeTarget "CHIP-8Tests" */;
			buildPhases = (
				60C9590F26AC4678009D2989 /* Sources */,
				60C9591026AC4678009D2989 /* Frameworks */,
				60C9591126AC4678009D2989 /* Resources */,
			);
			buildRules = (
			);
			dependencies = (
				60C9591526AC4678009D2989 /* PBXTargetDependency */,
			);
			name = "CHIP-8Tests";
			productName = "CHIP-8Tests";
			productReference = 60C9591326AC4678009D2989 /* CHIP-8Tests.xctest */;
			productType = "com.apple.product-type.bundle.unit-test";
		};
		60C9591D26AC4678009D2989 /* CHIP-8UITests */ = {
			isa = PBXNativeTarget;
			buildConfigurationList = 60C9592D26AC4678009D2989 /* Build configuration list for PBXNativeTarget "CHIP-8UITests" */;
			buildPhases = (
				60C9591A26AC4678009D2989 /* Sources */,
				60C9591B26AC4678009D2989 /* Frameworks */,
				60C9591C26AC4678009D2989 /* Resources */,
			);
			buildRules = (
			);
			dependencies = (
				60C9592026AC4678009D2989 /* PBXTargetDependency */,
			);
			name = "CHIP-8UITests";
			productName = "CHIP-8UITests";
			productReference = 60C9591E26AC4678009D2989 /* CHIP-8UITests.xctest */;
			productType = "com.apple.product-type.bundle.ui-testing";
		};
/* End PBXNativeTarget section */

/* Begin PBXProject section */
		60C958F926AC4677009D2989 /* Project object */ = {
			isa = PBXProject;
			attributes = {
				LastSwiftUpdateCheck = 1250;
				LastUpgradeCheck = 1250;
				TargetAttributes = {
					60C9590026AC4677009D2989 = {
						CreatedOnToolsVersion = 12.5.1;
					};
					60C9591226AC4678009D2989 = {
						CreatedOnToolsVersion = 12.5.1;
						TestTargetID = 60C9590026AC4677009D2989;
					};
					60C9591D26AC4678009D2989 = {
						CreatedOnToolsVersion = 12.5.1;
						TestTargetID = 60C9590026AC4677009D2989;
					};
				};
			};
			buildConfigurationList = 60C958FC26AC4677009D2989 /* Build configuration list for PBXProject "CHIP-8" */;
			compatibilityVersion = "Xcode 9.3";
			developmentRegion = en;
			hasScannedForEncodings = 0;
			knownRegions = (
				en,
				Base,
			);
			mainGroup = 60C958F826AC4677009D2989;
			productRefGroup = 60C9590226AC4677009D2989 /* Products */;
			projectDirPath = "";
			projectRoot = "";
			targets = (
				60C9590026AC4677009D2989 /* CHIP-8 */,
				60C9591226AC4678009D2989 /* CHIP-8Tests */,
				60C9591D26AC4678009D2989 /* CHIP-8UITests */,
			);
		};
/* End PBXProject section */

/* Begin PBXResourcesBuildPhase section */
		60C958FF26AC4677009D2989 /* Resources */ = {
			isa = PBXResourcesBuildPhase;
			buildActionMask = 2147483647;
			files = (
				60C9596F26ADB218009D2989 /* GUESS in Resources */,
				60C9596926ADB218009D2989 /* 15PUZZLE in Resources */,
				60C9596D26ADB218009D2989 /* BLINKY in Resources */,
				60C9597126ADB218009D2989 /* VBRIX in Resources */,
				60C9596526ADB218009D2989 /* KALEID in Resources */,
				60C9595B26ADB218009D2989 /* BLITZ in Resources */,
				60C9596326ADB218009D2989 /* MAZE in Resources */,
				60C9596726ADB218009D2989 /* PONG2 in Resources */,
				60C9596C26ADB218009D2989 /* MERLIN in Resources */,
				60C9596026ADB218009D2989 /* TETRIS in Resources */,
				60C9596A26ADB218009D2989 /* INVADERS in Resources */,
				60C9595D26ADB218009D2989 /* PONG in Resources */,
				60C9596426ADB218009D2989 /* VERS in Resources */,
				60C9596826ADB218009D2989 /* WIPEOFF in Resources */,
				60C9596626ADB218009D2989 /* HIDDEN in Resources */,
				60C9596126ADB218009D2989 /* MISSILE in Resources */,
				60C9595E26ADB218009D2989 /* PUZZLE in Resources */,
				60C9596B26ADB218009D2989 /* CONNECT4 in Resources */,
				60C9596226ADB218009D2989 /* BRIX in Resources */,
				60C9590926AC4678009D2989 /* Assets.xcassets in Resources */,
				60C9595C26ADB218009D2989 /* TANK in Resources */,
				60C9590C26AC4678009D2989 /* Main.storyboard in Resources */,
				60C9597026ADB218009D2989 /* UFO in Resources */,
				60C9595F26ADB218009D2989 /* TICTAC in Resources */,
				60C9596E26ADB218009D2989 /* SYZYGY in Resources */,
			);
			runOnlyForDeploymentPostprocessing = 0;
		};
		60C9591126AC4678009D2989 /* Resources */ = {
			isa = PBXResourcesBuildPhase;
			buildActionMask = 2147483647;
			files = (
			);
			runOnlyForDeploymentPostprocessing = 0;
		};
		60C9591C26AC4678009D2989 /* Resources */ = {
			isa = PBXResourcesBuildPhase;
			buildActionMask = 2147483647;
			files = (
			);
			runOnlyForDeploymentPostprocessing = 0;
		};
/* End PBXResourcesBuildPhase section */

/* Begin PBXSourcesBuildPhase section */
		60C958FD26AC4677009D2989 /* Sources */ = {
			isa = PBXSourcesBuildPhase;
			buildActionMask = 2147483647;
			files = (
				6037D8C326B5A3B20017D978 /* Chip8.swift in Sources */,
				60C9597526ADB763009D2989 /* Number+HexString.swift in Sources */,
				60C9593426AC4D11009D2989 /* CPU.swift in Sources */,
				60C9593926AC5365009D2989 /* ByteConvertible.swift in Sources */,
				60C9594226AD9DBB009D2989 /* BinaryInteger+BitMapping.swift in Sources */,
				60C9590726AC4677009D2989 /* ViewController.swift in Sources */,
				60C9590526AC4677009D2989 /* AppDelegate.swift in Sources */,
				6037D8C126B5767F0017D978 /* Audio.swift in Sources */,
				60107A1E26B56F0700F51271 /* Chip8View.swift in Sources */,
				60C9594026AD92F1009D2989 /* Video.swift in Sources */,
				60C9593626AC4E80009D2989 /* Opcode.swift in Sources */,
				60C9593E26AD820D009D2989 /* Keypad.swift in Sources */,
				60C9593226AC4A29009D2989 /* Memory.swift in Sources */,
				60C9593C26AC5622009D2989 /* Array+UIntSubscript.swift in Sources */,
				60C9597326ADB236009D2989 /* ROM.swift in Sources */,
			);
			runOnlyForDeploymentPostprocessing = 0;
		};
		60C9590F26AC4678009D2989 /* Sources */ = {
			isa = PBXSourcesBuildPhase;
			buildActionMask = 2147483647;
			files = (
				60C9591826AC4678009D2989 /* CHIP_8Tests.swift in Sources */,
			);
			runOnlyForDeploymentPostprocessing = 0;
		};
		60C9591A26AC4678009D2989 /* Sources */ = {
			isa = PBXSourcesBuildPhase;
			buildActionMask = 2147483647;
			files = (
				60C9592326AC4678009D2989 /* CHIP_8UITests.swift in Sources */,
			);
			runOnlyForDeploymentPostprocessing = 0;
		};
/* End PBXSourcesBuildPhase section */

/* Begin PBXTargetDependency section */
		60C9591526AC4678009D2989 /* PBXTargetDependency */ = {
			isa = PBXTargetDependency;
			target = 60C9590026AC4677009D2989 /* CHIP-8 */;
			targetProxy = 60C9591426AC4678009D2989 /* PBXContainerItemProxy */;
		};
		60C9592026AC4678009D2989 /* PBXTargetDependency */ = {
			isa = PBXTargetDependency;
			target = 60C9590026AC4677009D2989 /* CHIP-8 */;
			targetProxy = 60C9591F26AC4678009D2989 /* PBXContainerItemProxy */;
		};
/* End PBXTargetDependency section */

/* Begin PBXVariantGroup section */
		60C9590A26AC4678009D2989 /* Main.storyboard */ = {
			isa = PBXVariantGroup;
			children = (
				60C9590B26AC4678009D2989 /* Base */,
			);
			name = Main.storyboard;
			sourceTree = "<group>";
		};
/* End PBXVariantGroup section */

/* Begin XCBuildConfiguration section */
		60C9592526AC4678009D2989 /* Debug */ = {
			isa = XCBuildConfiguration;
			buildSettings = {
				ALWAYS_SEARCH_USER_PATHS = NO;
				CLANG_ANALYZER_NONNULL = YES;
				CLANG_ANALYZER_NUMBER_OBJECT_CONVERSION = YES_AGGRESSIVE;
				CLANG_CXX_LANGUAGE_STANDARD = "gnu++14";
				CLANG_CXX_LIBRARY = "libc++";
				CLANG_ENABLE_MODULES = YES;
				CLANG_ENABLE_OBJC_ARC = YES;
				CLANG_ENABLE_OBJC_WEAK = YES;
				CLANG_WARN_BLOCK_CAPTURE_AUTORELEASING = YES;
				CLANG_WARN_BOOL_CONVERSION = YES;
				CLANG_WARN_COMMA = YES;
				CLANG_WARN_CONSTANT_CONVERSION = YES;
				CLANG_WARN_DEPRECATED_OBJC_IMPLEMENTATIONS = YES;
				CLANG_WARN_DIRECT_OBJC_ISA_USAGE = YES_ERROR;
				CLANG_WARN_DOCUMENTATION_COMMENTS = YES;
				CLANG_WARN_EMPTY_BODY = YES;
				CLANG_WARN_ENUM_CONVERSION = YES;
				CLANG_WARN_INFINITE_RECURSION = YES;
				CLANG_WARN_INT_CONVERSION = YES;
				CLANG_WARN_NON_LITERAL_NULL_CONVERSION = YES;
				CLANG_WARN_OBJC_IMPLICIT_RETAIN_SELF = YES;
				CLANG_WARN_OBJC_LITERAL_CONVERSION = YES;
				CLANG_WARN_OBJC_ROOT_CLASS = YES_ERROR;
				CLANG_WARN_QUOTED_INCLUDE_IN_FRAMEWORK_HEADER = YES;
				CLANG_WARN_RANGE_LOOP_ANALYSIS = YES;
				CLANG_WARN_STRICT_PROTOTYPES = YES;
				CLANG_WARN_SUSPICIOUS_MOVE = YES;
				CLANG_WARN_UNGUARDED_AVAILABILITY = YES_AGGRESSIVE;
				CLANG_WARN_UNREACHABLE_CODE = YES;
				CLANG_WARN__DUPLICATE_METHOD_MATCH = YES;
				COPY_PHASE_STRIP = NO;
				DEBUG_INFORMATION_FORMAT = dwarf;
				ENABLE_STRICT_OBJC_MSGSEND = YES;
				ENABLE_TESTABILITY = YES;
				GCC_C_LANGUAGE_STANDARD = gnu11;
				GCC_DYNAMIC_NO_PIC = NO;
				GCC_NO_COMMON_BLOCKS = YES;
				GCC_OPTIMIZATION_LEVEL = 0;
				GCC_PREPROCESSOR_DEFINITIONS = (
					"DEBUG=1",
					"$(inherited)",
				);
				GCC_WARN_64_TO_32_BIT_CONVERSION = YES;
				GCC_WARN_ABOUT_RETURN_TYPE = YES_ERROR;
				GCC_WARN_UNDECLARED_SELECTOR = YES;
				GCC_WARN_UNINITIALIZED_AUTOS = YES_AGGRESSIVE;
				GCC_WARN_UNUSED_FUNCTION = YES;
				GCC_WARN_UNUSED_VARIABLE = YES;
				MACOSX_DEPLOYMENT_TARGET = 11.3;
				MTL_ENABLE_DEBUG_INFO = INCLUDE_SOURCE;
				MTL_FAST_MATH = YES;
				ONLY_ACTIVE_ARCH = YES;
				SDKROOT = macosx;
				SWIFT_ACTIVE_COMPILATION_CONDITIONS = DEBUG;
				SWIFT_OPTIMIZATION_LEVEL = "-Onone";
			};
			name = Debug;
		};
		60C9592626AC4678009D2989 /* Release */ = {
			isa = XCBuildConfiguration;
			buildSettings = {
				ALWAYS_SEARCH_USER_PATHS = NO;
				CLANG_ANALYZER_NONNULL = YES;
				CLANG_ANALYZER_NUMBER_OBJECT_CONVERSION = YES_AGGRESSIVE;
				CLANG_CXX_LANGUAGE_STANDARD = "gnu++14";
				CLANG_CXX_LIBRARY = "libc++";
				CLANG_ENABLE_MODULES = YES;
				CLANG_ENABLE_OBJC_ARC = YES;
				CLANG_ENABLE_OBJC_WEAK = YES;
				CLANG_WARN_BLOCK_CAPTURE_AUTORELEASING = YES;
				CLANG_WARN_BOOL_CONVERSION = YES;
				CLANG_WARN_COMMA = YES;
				CLANG_WARN_CONSTANT_CONVERSION = YES;
				CLANG_WARN_DEPRECATED_OBJC_IMPLEMENTATIONS = YES;
				CLANG_WARN_DIRECT_OBJC_ISA_USAGE = YES_ERROR;
				CLANG_WARN_DOCUMENTATION_COMMENTS = YES;
				CLANG_WARN_EMPTY_BODY = YES;
				CLANG_WARN_ENUM_CONVERSION = YES;
				CLANG_WARN_INFINITE_RECURSION = YES;
				CLANG_WARN_INT_CONVERSION = YES;
				CLANG_WARN_NON_LITERAL_NULL_CONVERSION = YES;
				CLANG_WARN_OBJC_IMPLICIT_RETAIN_SELF = YES;
				CLANG_WARN_OBJC_LITERAL_CONVERSION = YES;
				CLANG_WARN_OBJC_ROOT_CLASS = YES_ERROR;
				CLANG_WARN_QUOTED_INCLUDE_IN_FRAMEWORK_HEADER = YES;
				CLANG_WARN_RANGE_LOOP_ANALYSIS = YES;
				CLANG_WARN_STRICT_PROTOTYPES = YES;
				CLANG_WARN_SUSPICIOUS_MOVE = YES;
				CLANG_WARN_UNGUARDED_AVAILABILITY = YES_AGGRESSIVE;
				CLANG_WARN_UNREACHABLE_CODE = YES;
				CLANG_WARN__DUPLICATE_METHOD_MATCH = YES;
				COPY_PHASE_STRIP = NO;
				DEBUG_INFORMATION_FORMAT = "dwarf-with-dsym";
				ENABLE_NS_ASSERTIONS = NO;
				ENABLE_STRICT_OBJC_MSGSEND = YES;
				GCC_C_LANGUAGE_STANDARD = gnu11;
				GCC_NO_COMMON_BLOCKS = YES;
				GCC_WARN_64_TO_32_BIT_CONVERSION = YES;
				GCC_WARN_ABOUT_RETURN_TYPE = YES_ERROR;
				GCC_WARN_UNDECLARED_SELECTOR = YES;
				GCC_WARN_UNINITIALIZED_AUTOS = YES_AGGRESSIVE;
				GCC_WARN_UNUSED_FUNCTION = YES;
				GCC_WARN_UNUSED_VARIABLE = YES;
				MACOSX_DEPLOYMENT_TARGET = 11.3;
				MTL_ENABLE_DEBUG_INFO = NO;
				MTL_FAST_MATH = YES;
				SDKROOT = macosx;
				SWIFT_COMPILATION_MODE = wholemodule;
				SWIFT_OPTIMIZATION_LEVEL = "-O";
			};
			name = Release;
		};
		60C9592826AC4678009D2989 /* Debug */ = {
			isa = XCBuildConfiguration;
			buildSettings = {
				ASSETCATALOG_COMPILER_APPICON_NAME = AppIcon;
				ASSETCATALOG_COMPILER_GLOBAL_ACCENT_COLOR_NAME = AccentColor;
				CODE_SIGN_ENTITLEMENTS = "CHIP-8/CHIP_8.entitlements";
				CODE_SIGN_STYLE = Automatic;
				COMBINE_HIDPI_IMAGES = YES;
				DEVELOPMENT_TEAM = AVNL6MHV88;
				ENABLE_HARDENED_RUNTIME = YES;
				INFOPLIST_FILE = "CHIP-8/Info.plist";
				LD_RUNPATH_SEARCH_PATHS = (
					"$(inherited)",
					"@executable_path/../Frameworks",
				);
				PRODUCT_BUNDLE_IDENTIFIER = "Mark.Borazio.CHIP-8";
				PRODUCT_NAME = "$(TARGET_NAME)";
				SWIFT_VERSION = 5.0;
			};
			name = Debug;
		};
		60C9592926AC4678009D2989 /* Release */ = {
			isa = XCBuildConfiguration;
			buildSettings = {
				ASSETCATALOG_COMPILER_APPICON_NAME = AppIcon;
				ASSETCATALOG_COMPILER_GLOBAL_ACCENT_COLOR_NAME = AccentColor;
				CODE_SIGN_ENTITLEMENTS = "CHIP-8/CHIP_8.entitlements";
				CODE_SIGN_STYLE = Automatic;
				COMBINE_HIDPI_IMAGES = YES;
				DEVELOPMENT_TEAM = AVNL6MHV88;
				ENABLE_HARDENED_RUNTIME = YES;
				INFOPLIST_FILE = "CHIP-8/Info.plist";
				LD_RUNPATH_SEARCH_PATHS = (
					"$(inherited)",
					"@executable_path/../Frameworks",
				);
				PRODUCT_BUNDLE_IDENTIFIER = "Mark.Borazio.CHIP-8";
				PRODUCT_NAME = "$(TARGET_NAME)";
				SWIFT_VERSION = 5.0;
			};
			name = Release;
		};
		60C9592B26AC4678009D2989 /* Debug */ = {
			isa = XCBuildConfiguration;
			buildSettings = {
				ALWAYS_EMBED_SWIFT_STANDARD_LIBRARIES = YES;
				BUNDLE_LOADER = "$(TEST_HOST)";
				CODE_SIGN_STYLE = Automatic;
				COMBINE_HIDPI_IMAGES = YES;
				DEVELOPMENT_TEAM = AVNL6MHV88;
				INFOPLIST_FILE = "CHIP-8Tests/Info.plist";
				LD_RUNPATH_SEARCH_PATHS = (
					"$(inherited)",
					"@executable_path/../Frameworks",
					"@loader_path/../Frameworks",
				);
				MACOSX_DEPLOYMENT_TARGET = 11.3;
				PRODUCT_BUNDLE_IDENTIFIER = "Mark.Borazio.CHIP-8Tests";
				PRODUCT_NAME = "$(TARGET_NAME)";
				SWIFT_VERSION = 5.0;
				TEST_HOST = "$(BUILT_PRODUCTS_DIR)/CHIP-8.app/Contents/MacOS/CHIP-8";
			};
			name = Debug;
		};
		60C9592C26AC4678009D2989 /* Release */ = {
			isa = XCBuildConfiguration;
			buildSettings = {
				ALWAYS_EMBED_SWIFT_STANDARD_LIBRARIES = YES;
				BUNDLE_LOADER = "$(TEST_HOST)";
				CODE_SIGN_STYLE = Automatic;
				COMBINE_HIDPI_IMAGES = YES;
				DEVELOPMENT_TEAM = AVNL6MHV88;
				INFOPLIST_FILE = "CHIP-8Tests/Info.plist";
				LD_RUNPATH_SEARCH_PATHS = (
					"$(inherited)",
					"@executable_path/../Frameworks",
					"@loader_path/../Frameworks",
				);
				MACOSX_DEPLOYMENT_TARGET = 11.3;
				PRODUCT_BUNDLE_IDENTIFIER = "Mark.Borazio.CHIP-8Tests";
				PRODUCT_NAME = "$(TARGET_NAME)";
				SWIFT_VERSION = 5.0;
				TEST_HOST = "$(BUILT_PRODUCTS_DIR)/CHIP-8.app/Contents/MacOS/CHIP-8";
			};
			name = Release;
		};
		60C9592E26AC4678009D2989 /* Debug */ = {
			isa = XCBuildConfiguration;
			buildSettings = {
				ALWAYS_EMBED_SWIFT_STANDARD_LIBRARIES = YES;
				CODE_SIGN_STYLE = Automatic;
				COMBINE_HIDPI_IMAGES = YES;
				DEVELOPMENT_TEAM = AVNL6MHV88;
				INFOPLIST_FILE = "CHIP-8UITests/Info.plist";
				LD_RUNPATH_SEARCH_PATHS = (
					"$(inherited)",
					"@executable_path/../Frameworks",
					"@loader_path/../Frameworks",
				);
				PRODUCT_BUNDLE_IDENTIFIER = "Mark.Borazio.CHIP-8UITests";
				PRODUCT_NAME = "$(TARGET_NAME)";
				SWIFT_VERSION = 5.0;
				TEST_TARGET_NAME = "CHIP-8";
			};
			name = Debug;
		};
		60C9592F26AC4678009D2989 /* Release */ = {
			isa = XCBuildConfiguration;
			buildSettings = {
				ALWAYS_EMBED_SWIFT_STANDARD_LIBRARIES = YES;
				CODE_SIGN_STYLE = Automatic;
				COMBINE_HIDPI_IMAGES = YES;
				DEVELOPMENT_TEAM = AVNL6MHV88;
				INFOPLIST_FILE = "CHIP-8UITests/Info.plist";
				LD_RUNPATH_SEARCH_PATHS = (
					"$(inherited)",
					"@executable_path/../Frameworks",
					"@loader_path/../Frameworks",
				);
				PRODUCT_BUNDLE_IDENTIFIER = "Mark.Borazio.CHIP-8UITests";
				PRODUCT_NAME = "$(TARGET_NAME)";
				SWIFT_VERSION = 5.0;
				TEST_TARGET_NAME = "CHIP-8";
			};
			name = Release;
		};
/* End XCBuildConfiguration section */

/* Begin XCConfigurationList section */
		60C958FC26AC4677009D2989 /* Build configuration list for PBXProject "CHIP-8" */ = {
			isa = XCConfigurationList;
			buildConfigurations = (
				60C9592526AC4678009D2989 /* Debug */,
				60C9592626AC4678009D2989 /* Release */,
			);
			defaultConfigurationIsVisible = 0;
			defaultConfigurationName = Release;
		};
		60C9592726AC4678009D2989 /* Build configuration list for PBXNativeTarget "CHIP-8" */ = {
			isa = XCConfigurationList;
			buildConfigurations = (
				60C9592826AC4678009D2989 /* Debug */,
				60C9592926AC4678009D2989 /* Release */,
			);
			defaultConfigurationIsVisible = 0;
			defaultConfigurationName = Release;
		};
		60C9592A26AC4678009D2989 /* Build configuration list for PBXNativeTarget "CHIP-8Tests" */ = {
			isa = XCConfigurationList;
			buildConfigurations = (
				60C9592B26AC4678009D2989 /* Debug */,
				60C9592C26AC4678009D2989 /* Release */,
			);
			defaultConfigurationIsVisible = 0;
			defaultConfigurationName = Release;
		};
		60C9592D26AC4678009D2989 /* Build configuration list for PBXNativeTarget "CHIP-8UITests" */ = {
			isa = XCConfigurationList;
			buildConfigurations = (
				60C9592E26AC4678009D2989 /* Debug */,
				60C9592F26AC4678009D2989 /* Release */,
			);
			defaultConfigurationIsVisible = 0;
			defaultConfigurationName = Release;
		};
/* End XCConfigurationList section */
	};
	rootObject = 60C958F926AC4677009D2989 /* Project object */;
}
